
Microsoft Visual Studio Solution File, Format Version 12.00
# Visual Studio Version 16
VisualStudioVersion = 16.0.30406.217
MinimumVisualStudioVersion = 10.0.40219.1
Project("{FAE04EC0-301F-11D3-BF4B-00C04F79EFBC}") = "ProjetoMatricula", "ProjetoMatricula\ProjetoMatricula.csproj", "{D6B52E3D-D88D-428D-B606-883A0C3D0F84}"
EndProject
Project("{FAE04EC0-301F-11D3-BF4B-00C04F79EFBC}") = "ProjetoMatriculaWeb", "ProjetoMatriculaWeb\ProjetoMatriculaWeb.csproj", "{3EF73D02-DCB7-4746-9CBB-074C664B25EE}"
EndProject
Global
	GlobalSection(SolutionConfigurationPlatforms) = preSolution
		Debug|Any CPU = Debug|Any CPU
		Release|Any CPU = Release|Any CPU
	EndGlobalSection
	GlobalSection(ProjectConfigurationPlatforms) = postSolution
		{D6B52E3D-D88D-428D-B606-883A0C3D0F84}.Debug|Any CPU.ActiveCfg = Debug|Any CPU
		{D6B52E3D-D88D-428D-B606-883A0C3D0F84}.Debug|Any CPU.Build.0 = Debug|Any CPU
		{D6B52E3D-D88D-428D-B606-883A0C3D0F84}.Release|Any CPU.ActiveCfg = Release|Any CPU
		{D6B52E3D-D88D-428D-B606-883A0C3D0F84}.Release|Any CPU.Build.0 = Release|Any CPU
		{3EF73D02-DCB7-4746-9CBB-074C664B25EE}.Debug|Any CPU.ActiveCfg = Debug|Any CPU
		{3EF73D02-DCB7-4746-9CBB-074C664B25EE}.Debug|Any CPU.Build.0 = Debug|Any CPU
		{3EF73D02-DCB7-4746-9CBB-074C664B25EE}.Release|Any CPU.ActiveCfg = Release|Any CPU
		{3EF73D02-DCB7-4746-9CBB-074C664B25EE}.Release|Any CPU.Build.0 = Release|Any CPU
	EndGlobalSection
	GlobalSection(SolutionProperties) = preSolution
		HideSolutionNode = FALSE
	EndGlobalSection
	GlobalSection(ExtensibilityGlobals) = postSolution
		SolutionGuid = {9C524607-3BFE-4D70-9C39-482770D760E3}
	EndGlobalSection
EndGlobal
